// !$*UTF8*$!
{
	archiveVersion = 1;
	classes = {
	};
	objectVersion = 46;
	objects = {

/* Begin PBXBuildFile section */
		4CA8468EE969125E166B401E /* Pods_inksell.framework in Frameworks */ = {isa = PBXBuildFile; fileRef = FC2821B0D41622CB1DE5C63D /* Pods_inksell.framework */; };
		AD22EF701D925F0B00550612 /* AppDelegate.swift in Sources */ = {isa = PBXBuildFile; fileRef = AD22EF6F1D925F0B00550612 /* AppDelegate.swift */; };
		AD22EF721D925F0B00550612 /* ViewController.swift in Sources */ = {isa = PBXBuildFile; fileRef = AD22EF711D925F0B00550612 /* ViewController.swift */; };
		AD22EF751D925F0B00550612 /* Main.storyboard in Resources */ = {isa = PBXBuildFile; fileRef = AD22EF731D925F0B00550612 /* Main.storyboard */; };
		AD22EF771D925F0B00550612 /* Assets.xcassets in Resources */ = {isa = PBXBuildFile; fileRef = AD22EF761D925F0B00550612 /* Assets.xcassets */; };
		AD22EF7A1D925F0B00550612 /* LaunchScreen.storyboard in Resources */ = {isa = PBXBuildFile; fileRef = AD22EF781D925F0B00550612 /* LaunchScreen.storyboard */; };
/* End PBXBuildFile section */

/* Begin PBXFileReference section */
		A2CE9ADA691A77386C029372 /* Pods-inksell.release.xcconfig */ = {isa = PBXFileReference; includeInIndex = 1; lastKnownFileType = text.xcconfig; name = "Pods-inksell.release.xcconfig"; path = "Pods/Target Support Files/Pods-inksell/Pods-inksell.release.xcconfig"; sourceTree = "<group>"; };
		AD22EF6C1D925F0B00550612 /* inksell.app */ = {isa = PBXFileReference; explicitFileType = wrapper.application; includeInIndex = 0; path = inksell.app; sourceTree = BUILT_PRODUCTS_DIR; };
		AD22EF6F1D925F0B00550612 /* AppDelegate.swift */ = {isa = PBXFileReference; lastKnownFileType = sourcecode.swift; path = AppDelegate.swift; sourceTree = "<group>"; };
		AD22EF711D925F0B00550612 /* ViewController.swift */ = {isa = PBXFileReference; lastKnownFileType = sourcecode.swift; path = ViewController.swift; sourceTree = "<group>"; };
		AD22EF741D925F0B00550612 /* Base */ = {isa = PBXFileReference; lastKnownFileType = file.storyboard; name = Base; path = Base.lproj/Main.storyboard; sourceTree = "<group>"; };
		AD22EF761D925F0B00550612 /* Assets.xcassets */ = {isa = PBXFileReference; lastKnownFileType = folder.assetcatalog; path = Assets.xcassets; sourceTree = "<group>"; };
		AD22EF791D925F0B00550612 /* Base */ = {isa = PBXFileReference; lastKnownFileType = file.storyboard; name = Base; path = Base.lproj/LaunchScreen.storyboard; sourceTree = "<group>"; };
		AD22EF7B1D925F0B00550612 /* Info.plist */ = {isa = PBXFileReference; lastKnownFileType = text.plist.xml; path = Info.plist; sourceTree = "<group>"; };
		D2D6C90270727B9A6724C9E3 /* Pods-inksell.debug.xcconfig */ = {isa = PBXFileReference; includeInIndex = 1; lastKnownFileType = text.xcconfig; name = "Pods-inksell.debug.xcconfig"; path = "Pods/Target Support Files/Pods-inksell/Pods-inksell.debug.xcconfig"; sourceTree = "<group>"; };
		FC2821B0D41622CB1DE5C63D /* Pods_inksell.framework */ = {isa = PBXFileReference; explicitFileType = wrapper.framework; includeInIndex = 0; path = Pods_inksell.framework; sourceTree = BUILT_PRODUCTS_DIR; };
/* End PBXFileReference section */

/* Begin PBXFrameworksBuildPhase section */
		AD22EF691D925F0B00550612 /* Frameworks */ = {
			isa = PBXFrameworksBuildPhase;
			buildActionMask = 2147483647;
			files = (
				4CA8468EE969125E166B401E /* Pods_inksell.framework in Frameworks */,
			);
			runOnlyForDeploymentPostprocessing = 0;
		};
/* End PBXFrameworksBuildPhase section */

/* Begin PBXGroup section */
		AD22EF631D925F0B00550612 = {
			isa = PBXGroup;
			children = (
				AD22EF6E1D925F0B00550612 /* inksell */,
				AD22EF6D1D925F0B00550612 /* Products */,
				C6CD19BDAE5353D2C09DFFE8 /* Pods */,
				F2356ECC4E03C706C51F5977 /* Frameworks */,
			);
			sourceTree = "<group>";
		};
		AD22EF6D1D925F0B00550612 /* Products */ = {
			isa = PBXGroup;
			children = (
				AD22EF6C1D925F0B00550612 /* inksell.app */,
			);
			name = Products;
			sourceTree = "<group>";
		};
		AD22EF6E1D925F0B00550612 /* inksell */ = {
			isa = PBXGroup;
			children = (
				AD22EF6F1D925F0B00550612 /* AppDelegate.swift */,
				AD22EF711D925F0B00550612 /* ViewController.swift */,
				AD22EF731D925F0B00550612 /* Main.storyboard */,
				AD22EF761D925F0B00550612 /* Assets.xcassets */,
				AD22EF781D925F0B00550612 /* LaunchScreen.storyboard */,
				AD22EF7B1D925F0B00550612 /* Info.plist */,
			);
			path = inksell;
			sourceTree = "<group>";
		};
		C6CD19BDAE5353D2C09DFFE8 /* Pods */ = {
			isa = PBXGroup;
			children = (
				D2D6C90270727B9A6724C9E3 /* Pods-inksell.debug.xcconfig */,
				A2CE9ADA691A77386C029372 /* Pods-inksell.release.xcconfig */,
			);
			name = Pods;
			sourceTree = "<group>";
		};
		F2356ECC4E03C706C51F5977 /* Frameworks */ = {
			isa = PBXGroup;
			children = (
				FC2821B0D41622CB1DE5C63D /* Pods_inksell.framework */,
			);
			name = Frameworks;
			sourceTree = "<group>";
		};
/* End PBXGroup section */

/* Begin PBXNativeTarget section */
		AD22EF6B1D925F0B00550612 /* inksell */ = {
			isa = PBXNativeTarget;
			buildConfigurationList = AD22EF7E1D925F0B00550612 /* Build configuration list for PBXNativeTarget "inksell" */;
			buildPhases = (
				FDDA04505C0104439DE6282E /* [CP] Check Pods Manifest.lock */,
				AD22EF681D925F0B00550612 /* Sources */,
				AD22EF691D925F0B00550612 /* Frameworks */,
				AD22EF6A1D925F0B00550612 /* Resources */,
				8DB9CE56962C3472DDCE62BF /* [CP] Embed Pods Frameworks */,
				0A3A792CF9A4A11C1C29FF7B /* [CP] Copy Pods Resources */,
			);
			buildRules = (
			);
			dependencies = (
			);
			name = inksell;
			productName = inksell;
			productReference = AD22EF6C1D925F0B00550612 /* inksell.app */;
			productType = "com.apple.product-type.application";
		};
/* End PBXNativeTarget section */

/* Begin PBXProject section */
		AD22EF641D925F0B00550612 /* Project object */ = {
			isa = PBXProject;
			attributes = {
				LastSwiftUpdateCheck = 0800;
				LastUpgradeCheck = 0800;
				ORGANIZATIONNAME = inksell;
				TargetAttributes = {
					AD22EF6B1D925F0B00550612 = {
						CreatedOnToolsVersion = 8.0;
						DevelopmentTeam = GBJY6T82UL;
						ProvisioningStyle = Automatic;
					};
				};
			};
			buildConfigurationList = AD22EF671D925F0B00550612 /* Build configuration list for PBXProject "inksell" */;
			compatibilityVersion = "Xcode 3.2";
			developmentRegion = English;
			hasScannedForEncodings = 0;
			knownRegions = (
				en,
				Base,
			);
			mainGroup = AD22EF631D925F0B00550612;
			productRefGroup = AD22EF6D1D925F0B00550612 /* Products */;
			projectDirPath = "";
			projectRoot = "";
			targets = (
				AD22EF6B1D925F0B00550612 /* inksell */,
			);
		};
/* End PBXProject section */

/* Begin PBXResourcesBuildPhase section */
		AD22EF6A1D925F0B00550612 /* Resources */ = {
			isa = PBXResourcesBuildPhase;
			buildActionMask = 2147483647;
			files = (
				AD22EF7A1D925F0B00550612 /* LaunchScreen.storyboard in Resources */,
				AD22EF771D925F0B00550612 /* Assets.xcassets in Resources */,
				AD22EF751D925F0B00550612 /* Main.storyboard in Resources */,
			);
			runOnlyForDeploymentPostprocessing = 0;
		};
/* End PBXResourcesBuildPhase section */

/* Begin PBXShellScriptBuildPhase section */
		0A3A792CF9A4A11C1C29FF7B /* [CP] Copy Pods Resources */ = {
			isa = PBXShellScriptBuildPhase;
			buildActionMask = 2147483647;
			files = (
			);
			inputPaths = (
			);
			name = "[CP] Copy Pods Resources";
			outputPaths = (
			);
			runOnlyForDeploymentPostprocessing = 0;
			shellPath = /bin/sh;
			shellScript = "\"${SRCROOT}/Pods/Target Support Files/Pods-inksell/Pods-inksell-resources.sh\"\n";
			showEnvVarsInLog = 0;
		};
		8DB9CE56962C3472DDCE62BF /* [CP] Embed Pods Frameworks */ = {
			isa = PBXShellScriptBuildPhase;
			buildActionMask = 2147483647;
			files = (
			);
			inputPaths = (
			);
			name = "[CP] Embed Pods Frameworks";
			outputPaths = (
			);
			runOnlyForDeploymentPostprocessing = 0;
			shellPath = /bin/sh;
			shellScript = "\"${SRCROOT}/Pods/Target Support Files/Pods-inksell/Pods-inksell-frameworks.sh\"\n";
			showEnvVarsInLog = 0;
		};
		FDDA04505C0104439DE6282E /* [CP] Check Pods Manifest.lock */ = {
			isa = PBXShellScriptBuildPhase;
			buildActionMask = 2147483647;
			files = (
			);
			inputPaths = (
			);
			name = "[CP] Check Pods Manifest.lock";
			outputPaths = (
			);
			runOnlyForDeploymentPostprocessing = 0;
			shellPath = /bin/sh;
			shellScript = "diff \"${PODS_ROOT}/../Podfile.lock\" \"${PODS_ROOT}/Manifest.lock\" > /dev/null\nif [ $? != 0 ] ; then\n    # print error to STDERR\n    echo \"error: The sandbox is not in sync with the Podfile.lock. Run 'pod install' or update your CocoaPods installation.\" >&2\n    exit 1\nfi\n";
			showEnvVarsInLog = 0;
		};
/* End PBXShellScriptBuildPhase section */

/* Begin PBXSourcesBuildPhase section */
		AD22EF681D925F0B00550612 /* Sources */ = {
			isa = PBXSourcesBuildPhase;
			buildActionMask = 2147483647;
			files = (
				AD22EF721D925F0B00550612 /* ViewController.swift in Sources */,
				AD22EF701D925F0B00550612 /* AppDelegate.swift in Sources */,
			);
			runOnlyForDeploymentPostprocessing = 0;
		};
/* End PBXSourcesBuildPhase section */

/* Begin PBXVariantGroup section */
		AD22EF731D925F0B00550612 /* Main.storyboard */ = {
			isa = PBXVariantGroup;
			children = (
				AD22EF741D925F0B00550612 /* Base */,
			);
			name = Main.storyboard;
			sourceTree = "<group>";
		};
		AD22EF781D925F0B00550612 /* LaunchScreen.storyboard */ = {
			isa = PBXVariantGroup;
			children = (
				AD22EF791D925F0B00550612 /* Base */,
			);
			name = LaunchScreen.storyboard;
			sourceTree = "<group>";
		};
/* End PBXVariantGroup section */

/* Begin XCBuildConfiguration section */
		AD22EF7C1D925F0B00550612 /* Debug */ = {
			isa = XCBuildConfiguration;
			buildSettings = {
				ALWAYS_SEARCH_USER_PATHS = NO;
				CLANG_ANALYZER_NONNULL = YES;
				CLANG_CXX_LANGUAGE_STANDARD = "gnu++0x";
				CLANG_CXX_LIBRARY = "libc++";
				CLANG_ENABLE_MODULES = YES;
				CLANG_ENABLE_OBJC_ARC = YES;
				CLANG_WARN_BOOL_CONVERSION = YES;
				CLANG_WARN_CONSTANT_CONVERSION = YES;
				CLANG_WARN_DIRECT_OBJC_ISA_USAGE = YES_ERROR;
				CLANG_WARN_DOCUMENTATION_COMMENTS = YES;
				CLANG_WARN_EMPTY_BODY = YES;
				CLANG_WARN_ENUM_CONVERSION = YES;
				CLANG_WARN_INFINITE_RECURSION = YES;
				CLANG_WARN_INT_CONVERSION = YES;
				CLANG_WARN_OBJC_ROOT_CLASS = YES_ERROR;
				CLANG_WARN_SUSPICIOUS_MOVES = YES;
				CLANG_WARN_UNREACHABLE_CODE = YES;
				CLANG_WARN__DUPLICATE_METHOD_MATCH = YES;
				"CODE_SIGN_IDENTITY[sdk=iphoneos*]" = "iPhone Developer";
				COPY_PHASE_STRIP = NO;
				DEBUG_INFORMATION_FORMAT = dwarf;
				ENABLE_STRICT_OBJC_MSGSEND = YES;
				ENABLE_TESTABILITY = YES;
				GCC_C_LANGUAGE_STANDARD = gnu99;
				GCC_DYNAMIC_NO_PIC = NO;
				GCC_NO_COMMON_BLOCKS = YES;
				GCC_OPTIMIZATION_LEVEL = 0;
				GCC_PREPROCESSOR_DEFINITIONS = (
					"DEBUG=1",
					"$(inherited)",
				);
				GCC_WARN_64_TO_32_BIT_CONVERSION = YES;
				GCC_WARN_ABOUT_RETURN_TYPE = YES_ERROR;
				GCC_WARN_UNDECLARED_SELECTOR = YES;
				GCC_WARN_UNINITIALIZED_AUTOS = YES_AGGRESSIVE;
				GCC_WARN_UNUSED_FUNCTION = YES;
				GCC_WARN_UNUSED_VARIABLE = YES;
				IPHONEOS_DEPLOYMENT_TARGET = 10.0;
				MTL_ENABLE_DEBUG_INFO = YES;
				ONLY_ACTIVE_ARCH = YES;
				SDKROOT = iphoneos;
				SWIFT_ACTIVE_COMPILATION_CONDITIONS = DEBUG;
				SWIFT_OPTIMIZATION_LEVEL = "-Onone";
			};
			name = Debug;
		};
		AD22EF7D1D925F0B00550612 /* Release */ = {
			isa = XCBuildConfiguration;
			buildSettings = {
				ALWAYS_SEARCH_USER_PATHS = NO;
				CLANG_ANALYZER_NONNULL = YES;
				CLANG_CXX_LANGUAGE_STANDARD = "gnu++0x";
				CLANG_CXX_LIBRARY = "libc++";
				CLANG_ENABLE_MODULES = YES;
				CLANG_ENABLE_OBJC_ARC = YES;
				CLANG_WARN_BOOL_CONVERSION = YES;
				CLANG_WARN_CONSTANT_CONVERSION = YES;
				CLANG_WARN_DIRECT_OBJC_ISA_USAGE = YES_ERROR;
				CLANG_WARN_DOCUMENTATION_COMMENTS = YES;
				CLANG_WARN_EMPTY_BODY = YES;
				CLANG_WARN_ENUM_CONVERSION = YES;
				CLANG_WARN_INFINITE_RECURSION = YES;
				CLANG_WARN_INT_CONVERSION = YES;
				CLANG_WARN_OBJC_ROOT_CLASS = YES_ERROR;
				CLANG_WARN_SUSPICIOUS_MOVES = YES;
				CLANG_WARN_UNREACHABLE_CODE = YES;
				CLANG_WARN__DUPLICATE_METHOD_MATCH = YES;
				"CODE_SIGN_IDENTITY[sdk=iphoneos*]" = "iPhone Developer";
				COPY_PHASE_STRIP = NO;
				DEBUG_INFORMATION_FORMAT = "dwarf-with-dsym";
				ENABLE_NS_ASSERTIONS = NO;
				ENABLE_STRICT_OBJC_MSGSEND = YES;
				GCC_C_LANGUAGE_STANDARD = gnu99;
				GCC_NO_COMMON_BLOCKS = YES;
				GCC_WARN_64_TO_32_BIT_CONVERSION = YES;
				GCC_WARN_ABOUT_RETURN_TYPE = YES_ERROR;
				GCC_WARN_UNDECLARED_SELECTOR = YES;
				GCC_WARN_UNINITIALIZED_AUTOS = YES_AGGRESSIVE;
				GCC_WARN_UNUSED_FUNCTION = YES;
				GCC_WARN_UNUSED_VARIABLE = YES;
				IPHONEOS_DEPLOYMENT_TARGET = 10.0;
				MTL_ENABLE_DEBUG_INFO = NO;
				SDKROOT = iphoneos;
				SWIFT_OPTIMIZATION_LEVEL = "-Owholemodule";
				VALIDATE_PRODUCT = YES;
			};
			name = Release;
		};
		AD22EF7F1D925F0B00550612 /* Debug */ = {
			isa = XCBuildConfiguration;
			baseConfigurationReference = D2D6C90270727B9A6724C9E3 /* Pods-inksell.debug.xcconfig */;
			buildSettings = {
				ASSETCATALOG_COMPILER_APPICON_NAME = AppIcon;
				DEVELOPMENT_TEAM = GBJY6T82UL;
				INFOPLIST_FILE = inksell/Info.plist;
				LD_RUNPATH_SEARCH_PATHS = "$(inherited) @executable_path/Frameworks";
				PRODUCT_BUNDLE_IDENTIFIER = inksell.inksell;
				PRODUCT_NAME = "$(TARGET_NAME)";
				SWIFT_VERSION = 3.0;
			};
			name = Debug;
		};
		AD22EF801D925F0B00550612 /* Release */ = {
			isa = XCBuildConfiguration;
			baseConfigurationReference = A2CE9ADA691A77386C029372 /* Pods-inksell.release.xcconfig */;
			buildSettings = {
				ASSETCATALOG_COMPILER_APPICON_NAME = AppIcon;
				DEVELOPMENT_TEAM = GBJY6T82UL;
				INFOPLIST_FILE = inksell/Info.plist;
				LD_RUNPATH_SEARCH_PATHS = "$(inherited) @executable_path/Frameworks";
				PRODUCT_BUNDLE_IDENTIFIER = inksell.inksell;
				PRODUCT_NAME = "$(TARGET_NAME)";
				SWIFT_VERSION = 3.0;
			};
			name = Release;
		};
/* End XCBuildConfiguration section */

/* Begin XCConfigurationList section */
		AD22EF671D925F0B00550612 /* Build configuration list for PBXProject "inksell" */ = {
			isa = XCConfigurationList;
			buildConfigurations = (
				AD22EF7C1D925F0B00550612 /* Debug */,
				AD22EF7D1D925F0B00550612 /* Release */,
			);
			defaultConfigurationIsVisible = 0;
			defaultConfigurationName = Release;
		};
		AD22EF7E1D925F0B00550612 /* Build configuration list for PBXNativeTarget "inksell" */ = {
			isa = XCConfigurationList;
			buildConfigurations = (
				AD22EF7F1D925F0B00550612 /* Debug */,
				AD22EF801D925F0B00550612 /* Release */,
			);
			defaultConfigurationIsVisible = 0;
			defaultConfigurationName = Release;
		};
/* End XCConfigurationList section */
	};
	rootObject = AD22EF641D925F0B00550612 /* Project object */;
}
